{
  "name": "Hildegarda",
  "lockfileVersion": 3,
  "requires": true,
  "packages": {
    "": {
      "dependencies": {
        "exsurge": "^0.0.0"
      }
    },
    "node_modules/exsurge": {
      "version": "0.0.0",
      "resolved": "https://registry.npmjs.org/exsurge/-/exsurge-0.0.0.tgz",
      "integrity": "sha512-zJybquHuTY3jU9mCGhhdQigxzFqjw3rAPaIDcPm/En6F2yreiuzXGP3NC/9GJ/1rKJTmtcJWzaThvN6uvRr9og==",
      "license": "MIT"
    }
  }
}
